
Microsoft Visual Studio Solution File, Format Version 12.00
# Visual Studio Version 17
VisualStudioVersion = 17.5.33516.290
MinimumVisualStudioVersion = 10.0.40219.1
Project("{FAE04EC0-301F-11D3-BF4B-00C04F79EFBC}") = "EasyCashIdentityProject.EntityLayer", "EasyCashIdentityProject.EntityLayer\EasyCashIdentityProject.EntityLayer.csproj", "{4624ECE7-92F4-47B7-93EB-87AB34DC9C02}"
EndProject
Project("{FAE04EC0-301F-11D3-BF4B-00C04F79EFBC}") = "EasyCashIdentityProject.DataAccessLayer", "EasyCashIdentityProject.DataAccessLayer\EasyCashIdentityProject.DataAccessLayer.csproj", "{5E82F50F-BBF6-440D-8C60-2497615DE9DE}"
EndProject
Project("{FAE04EC0-301F-11D3-BF4B-00C04F79EFBC}") = "EasyCashIdentityProject.BusinessLayer", "EasyCashIdentityProject.BusinessLayer\EasyCashIdentityProject.BusinessLayer.csproj", "{5F266B8A-BE67-4BE0-9279-A40219BB5ACE}"
EndProject
Project("{FAE04EC0-301F-11D3-BF4B-00C04F79EFBC}") = "EasyCashIdentityProject.DtoLayer", "EasyCashIdentityProject.DtoLayer\EasyCashIdentityProject.DtoLayer.csproj", "{CCC41CA7-4D6B-4B2E-B90A-7656966A6EE0}"
EndProject
Project("{FAE04EC0-301F-11D3-BF4B-00C04F79EFBC}") = "EasyCashIdentityProject.PresentationLayer", "EasyCashIdentityProject.PresentationLayer\EasyCashIdentityProject.PresentationLayer.csproj", "{37AAFAC5-0916-44FB-8541-D592D9575921}"
EndProject
Global
	GlobalSection(SolutionConfigurationPlatforms) = preSolution
		Debug|Any CPU = Debug|Any CPU
		Release|Any CPU = Release|Any CPU
	EndGlobalSection
	GlobalSection(ProjectConfigurationPlatforms) = postSolution
		{4624ECE7-92F4-47B7-93EB-87AB34DC9C02}.Debug|Any CPU.ActiveCfg = Debug|Any CPU
		{4624ECE7-92F4-47B7-93EB-87AB34DC9C02}.Debug|Any CPU.Build.0 = Debug|Any CPU
		{4624ECE7-92F4-47B7-93EB-87AB34DC9C02}.Release|Any CPU.ActiveCfg = Release|Any CPU
		{4624ECE7-92F4-47B7-93EB-87AB34DC9C02}.Release|Any CPU.Build.0 = Release|Any CPU
		{5E82F50F-BBF6-440D-8C60-2497615DE9DE}.Debug|Any CPU.ActiveCfg = Debug|Any CPU
		{5E82F50F-BBF6-440D-8C60-2497615DE9DE}.Debug|Any CPU.Build.0 = Debug|Any CPU
		{5E82F50F-BBF6-440D-8C60-2497615DE9DE}.Release|Any CPU.ActiveCfg = Release|Any CPU
		{5E82F50F-BBF6-440D-8C60-2497615DE9DE}.Release|Any CPU.Build.0 = Release|Any CPU
		{5F266B8A-BE67-4BE0-9279-A40219BB5ACE}.Debug|Any CPU.ActiveCfg = Debug|Any CPU
		{5F266B8A-BE67-4BE0-9279-A40219BB5ACE}.Debug|Any CPU.Build.0 = Debug|Any CPU
		{5F266B8A-BE67-4BE0-9279-A40219BB5ACE}.Release|Any CPU.ActiveCfg = Release|Any CPU
		{5F266B8A-BE67-4BE0-9279-A40219BB5ACE}.Release|Any CPU.Build.0 = Release|Any CPU
		{CCC41CA7-4D6B-4B2E-B90A-7656966A6EE0}.Debug|Any CPU.ActiveCfg = Debug|Any CPU
		{CCC41CA7-4D6B-4B2E-B90A-7656966A6EE0}.Debug|Any CPU.Build.0 = Debug|Any CPU
		{CCC41CA7-4D6B-4B2E-B90A-7656966A6EE0}.Release|Any CPU.ActiveCfg = Release|Any CPU
		{CCC41CA7-4D6B-4B2E-B90A-7656966A6EE0}.Release|Any CPU.Build.0 = Release|Any CPU
		{37AAFAC5-0916-44FB-8541-D592D9575921}.Debug|Any CPU.ActiveCfg = Debug|Any CPU
		{37AAFAC5-0916-44FB-8541-D592D9575921}.Debug|Any CPU.Build.0 = Debug|Any CPU
		{37AAFAC5-0916-44FB-8541-D592D9575921}.Release|Any CPU.ActiveCfg = Release|Any CPU
		{37AAFAC5-0916-44FB-8541-D592D9575921}.Release|Any CPU.Build.0 = Release|Any CPU
	EndGlobalSection
	GlobalSection(SolutionProperties) = preSolution
		HideSolutionNode = FALSE
	EndGlobalSection
	GlobalSection(ExtensibilityGlobals) = postSolution
		SolutionGuid = {B2E6D5B5-F742-4A4B-AF55-FD14253D7B4A}
	EndGlobalSection
EndGlobal
